
Microsoft Visual Studio Solution File, Format Version 12.00
# Visual Studio Version 16
VisualStudioVersion = 16.0.32413.511
MinimumVisualStudioVersion = 10.0.40219.1
Project("{9A19103F-16F7-4668-BE54-9A1E7A4F7556}") = "EntidadesTP4", "EntidadesTP3\EntidadesTP4.csproj", "{DC3D9834-54DC-4076-A211-4B5CF85F22E5}"
EndProject
Project("{9A19103F-16F7-4668-BE54-9A1E7A4F7556}") = "Formularios", "Formularios\Formularios.csproj", "{1D9F58F6-6CDE-4781-A114-92995B7B4714}"
EndProject
Project("{9A19103F-16F7-4668-BE54-9A1E7A4F7556}") = "TestingTP4", "TestingTP3\TestingTP4.csproj", "{D22315B2-A5AA-4926-A762-D36ECB9A3FC2}"
EndProject
Global
	GlobalSection(SolutionConfigurationPlatforms) = preSolution
		Debug|Any CPU = Debug|Any CPU
		Release|Any CPU = Release|Any CPU
	EndGlobalSection
	GlobalSection(ProjectConfigurationPlatforms) = postSolution
		{DC3D9834-54DC-4076-A211-4B5CF85F22E5}.Debug|Any CPU.ActiveCfg = Debug|Any CPU
		{DC3D9834-54DC-4076-A211-4B5CF85F22E5}.Debug|Any CPU.Build.0 = Debug|Any CPU
		{DC3D9834-54DC-4076-A211-4B5CF85F22E5}.Release|Any CPU.ActiveCfg = Release|Any CPU
		{DC3D9834-54DC-4076-A211-4B5CF85F22E5}.Release|Any CPU.Build.0 = Release|Any CPU
		{1D9F58F6-6CDE-4781-A114-92995B7B4714}.Debug|Any CPU.ActiveCfg = Debug|Any CPU
		{1D9F58F6-6CDE-4781-A114-92995B7B4714}.Debug|Any CPU.Build.0 = Debug|Any CPU
		{1D9F58F6-6CDE-4781-A114-92995B7B4714}.Release|Any CPU.ActiveCfg = Release|Any CPU
		{1D9F58F6-6CDE-4781-A114-92995B7B4714}.Release|Any CPU.Build.0 = Release|Any CPU
		{D22315B2-A5AA-4926-A762-D36ECB9A3FC2}.Debug|Any CPU.ActiveCfg = Debug|Any CPU
		{D22315B2-A5AA-4926-A762-D36ECB9A3FC2}.Debug|Any CPU.Build.0 = Debug|Any CPU
		{D22315B2-A5AA-4926-A762-D36ECB9A3FC2}.Release|Any CPU.ActiveCfg = Release|Any CPU
		{D22315B2-A5AA-4926-A762-D36ECB9A3FC2}.Release|Any CPU.Build.0 = Release|Any CPU
	EndGlobalSection
	GlobalSection(SolutionProperties) = preSolution
		HideSolutionNode = FALSE
	EndGlobalSection
	GlobalSection(ExtensibilityGlobals) = postSolution
		SolutionGuid = {13CB1C9A-6207-40E4-947F-161C054859F2}
	EndGlobalSection
EndGlobal
